
Microsoft Visual Studio Solution File, Format Version 12.00
# Visual Studio Version 17
VisualStudioVersion = 17.14.36310.24
MinimumVisualStudioVersion = 10.0.40219.1
Project("{FAE04EC0-301F-11D3-BF4B-00C04F79EFBC}") = "Lista enlazada simple", "Lista enlazada simple\Lista enlazada simple.csproj", "{0EBC29FE-48B1-4DB4-968C-F43B6C321373}"
EndProject
Project("{FAE04EC0-301F-11D3-BF4B-00C04F79EFBC}") = "Lista enlazada circular", "Lista enlazada circular\Lista enlazada circular.csproj", "{9DE0DECA-3A06-46BF-A785-9F9B52220477}"
EndProject
Project("{FAE04EC0-301F-11D3-BF4B-00C04F79EFBC}") = "Lista enlazada doble", "Lista enlazada doble\Lista enlazada doble.csproj", "{8D2E5411-DAC8-45F0-8459-F8D19CCF01B4}"
EndProject
Project("{FAE04EC0-301F-11D3-BF4B-00C04F79EFBC}") = "Lista enlazada doble SP", "Lista enlazada doble SP\Lista enlazada doble SP.csproj", "{2F774F6A-BA8D-46C4-9F7E-66EBFEBB36D9}"
EndProject
Project("{FAE04EC0-301F-11D3-BF4B-00C04F79EFBC}") = "Pilas-Stack", "Pilas-Stack\Pilas-Stack.csproj", "{0FEDC63B-FCE0-4758-AB27-8D31A8DE38B1}"
EndProject
Project("{FAE04EC0-301F-11D3-BF4B-00C04F79EFBC}") = "Colas", "Colas\Colas.csproj", "{7ECEEBA6-5263-443C-8645-41A3D9E96E64}"
EndProject
Project("{FAE04EC0-301F-11D3-BF4B-00C04F79EFBC}") = "Arbol binario", "Arbol binario\Arbol binario.csproj", "{865F6A9F-381D-4F2E-9B32-612D8BA259BA}"
EndProject
Global
	GlobalSection(SolutionConfigurationPlatforms) = preSolution
		Debug|Any CPU = Debug|Any CPU
		Release|Any CPU = Release|Any CPU
	EndGlobalSection
	GlobalSection(ProjectConfigurationPlatforms) = postSolution
		{0EBC29FE-48B1-4DB4-968C-F43B6C321373}.Debug|Any CPU.ActiveCfg = Debug|Any CPU
		{0EBC29FE-48B1-4DB4-968C-F43B6C321373}.Debug|Any CPU.Build.0 = Debug|Any CPU
		{0EBC29FE-48B1-4DB4-968C-F43B6C321373}.Release|Any CPU.ActiveCfg = Release|Any CPU
		{0EBC29FE-48B1-4DB4-968C-F43B6C321373}.Release|Any CPU.Build.0 = Release|Any CPU
		{9DE0DECA-3A06-46BF-A785-9F9B52220477}.Debug|Any CPU.ActiveCfg = Debug|Any CPU
		{9DE0DECA-3A06-46BF-A785-9F9B52220477}.Debug|Any CPU.Build.0 = Debug|Any CPU
		{9DE0DECA-3A06-46BF-A785-9F9B52220477}.Release|Any CPU.ActiveCfg = Release|Any CPU
		{9DE0DECA-3A06-46BF-A785-9F9B52220477}.Release|Any CPU.Build.0 = Release|Any CPU
		{8D2E5411-DAC8-45F0-8459-F8D19CCF01B4}.Debug|Any CPU.ActiveCfg = Debug|Any CPU
		{8D2E5411-DAC8-45F0-8459-F8D19CCF01B4}.Debug|Any CPU.Build.0 = Debug|Any CPU
		{8D2E5411-DAC8-45F0-8459-F8D19CCF01B4}.Release|Any CPU.ActiveCfg = Release|Any CPU
		{8D2E5411-DAC8-45F0-8459-F8D19CCF01B4}.Release|Any CPU.Build.0 = Release|Any CPU
		{2F774F6A-BA8D-46C4-9F7E-66EBFEBB36D9}.Debug|Any CPU.ActiveCfg = Debug|Any CPU
		{2F774F6A-BA8D-46C4-9F7E-66EBFEBB36D9}.Debug|Any CPU.Build.0 = Debug|Any CPU
		{2F774F6A-BA8D-46C4-9F7E-66EBFEBB36D9}.Release|Any CPU.ActiveCfg = Release|Any CPU
		{2F774F6A-BA8D-46C4-9F7E-66EBFEBB36D9}.Release|Any CPU.Build.0 = Release|Any CPU
		{0FEDC63B-FCE0-4758-AB27-8D31A8DE38B1}.Debug|Any CPU.ActiveCfg = Debug|Any CPU
		{0FEDC63B-FCE0-4758-AB27-8D31A8DE38B1}.Debug|Any CPU.Build.0 = Debug|Any CPU
		{0FEDC63B-FCE0-4758-AB27-8D31A8DE38B1}.Release|Any CPU.ActiveCfg = Release|Any CPU
		{0FEDC63B-FCE0-4758-AB27-8D31A8DE38B1}.Release|Any CPU.Build.0 = Release|Any CPU
		{7ECEEBA6-5263-443C-8645-41A3D9E96E64}.Debug|Any CPU.ActiveCfg = Debug|Any CPU
		{7ECEEBA6-5263-443C-8645-41A3D9E96E64}.Debug|Any CPU.Build.0 = Debug|Any CPU
		{7ECEEBA6-5263-443C-8645-41A3D9E96E64}.Release|Any CPU.ActiveCfg = Release|Any CPU
		{7ECEEBA6-5263-443C-8645-41A3D9E96E64}.Release|Any CPU.Build.0 = Release|Any CPU
		{865F6A9F-381D-4F2E-9B32-612D8BA259BA}.Debug|Any CPU.ActiveCfg = Debug|Any CPU
		{865F6A9F-381D-4F2E-9B32-612D8BA259BA}.Debug|Any CPU.Build.0 = Debug|Any CPU
		{865F6A9F-381D-4F2E-9B32-612D8BA259BA}.Release|Any CPU.ActiveCfg = Release|Any CPU
		{865F6A9F-381D-4F2E-9B32-612D8BA259BA}.Release|Any CPU.Build.0 = Release|Any CPU
	EndGlobalSection
	GlobalSection(SolutionProperties) = preSolution
		HideSolutionNode = FALSE
	EndGlobalSection
	GlobalSection(ExtensibilityGlobals) = postSolution
		SolutionGuid = {6F2D01C0-63B6-4A29-8EEE-28063664A5AA}
	EndGlobalSection
EndGlobal
